
Microsoft Visual Studio Solution File, Format Version 12.00
# Visual Studio Version 17
VisualStudioVersion = 17.0.31903.59
MinimumVisualStudioVersion = 10.0.40219.1
Project("{FAE04EC0-301F-11D3-BF4B-00C04F79EFBC}") = "API", "API\API.csproj", "{461E7341-672C-4121-9974-8B4EB1C50287}"
EndProject
Project("{FAE04EC0-301F-11D3-BF4B-00C04F79EFBC}") = "Application", "Application\Application.csproj", "{EE58B4B5-CB15-4A91-9C5C-3B90F3BE637F}"
EndProject
Project("{FAE04EC0-301F-11D3-BF4B-00C04F79EFBC}") = "Domain", "Domain\Domain.csproj", "{D909CF37-52E2-4E76-AEBF-22E5FA744F17}"
EndProject
Project("{FAE04EC0-301F-11D3-BF4B-00C04F79EFBC}") = "Persistence", "Persistence\Persistence.csproj", "{A1DEF455-E2D7-4BDD-8FEE-1A52F14C54E6}"
EndProject
Global
	GlobalSection(SolutionConfigurationPlatforms) = preSolution
		Debug|Any CPU = Debug|Any CPU
		Release|Any CPU = Release|Any CPU
	EndGlobalSection
	GlobalSection(SolutionProperties) = preSolution
		HideSolutionNode = FALSE
	EndGlobalSection
	GlobalSection(ProjectConfigurationPlatforms) = postSolution
		{461E7341-672C-4121-9974-8B4EB1C50287}.Debug|Any CPU.ActiveCfg = Debug|Any CPU
		{461E7341-672C-4121-9974-8B4EB1C50287}.Debug|Any CPU.Build.0 = Debug|Any CPU
		{461E7341-672C-4121-9974-8B4EB1C50287}.Release|Any CPU.ActiveCfg = Release|Any CPU
		{461E7341-672C-4121-9974-8B4EB1C50287}.Release|Any CPU.Build.0 = Release|Any CPU
		{EE58B4B5-CB15-4A91-9C5C-3B90F3BE637F}.Debug|Any CPU.ActiveCfg = Debug|Any CPU
		{EE58B4B5-CB15-4A91-9C5C-3B90F3BE637F}.Debug|Any CPU.Build.0 = Debug|Any CPU
		{EE58B4B5-CB15-4A91-9C5C-3B90F3BE637F}.Release|Any CPU.ActiveCfg = Release|Any CPU
		{EE58B4B5-CB15-4A91-9C5C-3B90F3BE637F}.Release|Any CPU.Build.0 = Release|Any CPU
		{D909CF37-52E2-4E76-AEBF-22E5FA744F17}.Debug|Any CPU.ActiveCfg = Debug|Any CPU
		{D909CF37-52E2-4E76-AEBF-22E5FA744F17}.Debug|Any CPU.Build.0 = Debug|Any CPU
		{D909CF37-52E2-4E76-AEBF-22E5FA744F17}.Release|Any CPU.ActiveCfg = Release|Any CPU
		{D909CF37-52E2-4E76-AEBF-22E5FA744F17}.Release|Any CPU.Build.0 = Release|Any CPU
		{A1DEF455-E2D7-4BDD-8FEE-1A52F14C54E6}.Debug|Any CPU.ActiveCfg = Debug|Any CPU
		{A1DEF455-E2D7-4BDD-8FEE-1A52F14C54E6}.Debug|Any CPU.Build.0 = Debug|Any CPU
		{A1DEF455-E2D7-4BDD-8FEE-1A52F14C54E6}.Release|Any CPU.ActiveCfg = Release|Any CPU
		{A1DEF455-E2D7-4BDD-8FEE-1A52F14C54E6}.Release|Any CPU.Build.0 = Release|Any CPU
	EndGlobalSection
EndGlobal
